NeoBundleLock cpp-vim 1ddd7e39567d847526b806bd28fede509a505e6c
NeoBundleLock hardmode 110513dc9eb3ab5408d242a4b4b7674eadc90828
NeoBundleLock jellybeans.vim ef83bf4dc8b3eacffc97bf5c96ab2581b415c9fa
NeoBundleLock lightline.vim 8b3aa1632c08784928458b2b85faf5c89feefccf
NeoBundleLock neobundle.vim 1306c131ff0a6cc094b7ff0727350e442b5427f1
NeoBundleLock neocomplcache 778181767467b8f8016828898779a646074d883a
NeoBundleLock neomru.vim 79e6c9d04b75d67a1494435a4fb25573373cb1dc
NeoBundleLock nerdtree 9afab6257b954a1e9591928e7a8cd220fde51552
NeoBundleLock syntastic 0336c35c0b10b46d85cdd9c3df721f978429e82c
NeoBundleLock tcomment_vim c9cecefc639b6019e0f12b7e9fb5a2375cd550c1
NeoBundleLock unite-colorscheme 505157450fe1a967c6c044d3bfe18d896e3d5d08
NeoBundleLock unite.vim e1d3bb9f836a8645807b790345b69666bf22bb2f
NeoBundleLock vim-easymotion 85e90c9759e14633d878ed534ef313876ab96555
NeoBundleLock vim-endwise f67d022169bd04d3c000f47b1c03bfcbc4209470
NeoBundleLock vim-latex 007aaa730431f14c394fd9e2389c65a2c6b8ea7b
NeoBundleLock vim-matlab 8514838cd046de524ab104587666299ffa512fb7
NeoBundleLock vim-scala bbdfea4b98fdb8866a8a6060ec1294643cfeb413
NeoBundleLock vim-smartinput 7b4c79803d773b9ab8184c070a22bc782e8fb424
NeoBundleLock vimshell ee683538f57aaf5094db9860f67f4957a763ffb4
