NeoBundleLock cpp-vim fd95282ade646759dffed24af64c657285094fdf
NeoBundleLock deoplete.nvim 4e91c4d3d0aa7630bea7d7b7f5ac259356c1959d
NeoBundleLock hardmode 110513dc9eb3ab5408d242a4b4b7674eadc90828
NeoBundleLock jellybeans.vim ef83bf4dc8b3eacffc97bf5c96ab2581b415c9fa
NeoBundleLock lightline.vim b1e91b41f5028d65fa3d31a425ff21591d5d957f
NeoBundleLock neobundle.vim 1306c131ff0a6cc094b7ff0727350e442b5427f1
NeoBundleLock neomru.vim d9b92f73f7d9158e803d72f2baeb7da9ea30040e
NeoBundleLock nerdtree fc85a6f07c2cd694be93496ffad75be126240068
NeoBundleLock syntastic 8d5e37c29cf5952fbf300b9230bffe424c61a488
NeoBundleLock tcomment_vim b4930f9da28647e5417d462c341013f88184be7e
NeoBundleLock unite-colorscheme 505157450fe1a967c6c044d3bfe18d896e3d5d08
NeoBundleLock unite.vim b08814362624ded3b462addba4711647879ca308
NeoBundleLock vim-easymotion b3cfab2a6302b3b39f53d9fd2cd997e1127d7878
NeoBundleLock vim-endwise 4e5c8358d751625bb040b187b9fe430c2b769f0a
NeoBundleLock vim-latex 069a26a0963adb6a9de9f40f5a7332c7207d5423
NeoBundleLock vim-matlab 8514838cd046de524ab104587666299ffa512fb7
NeoBundleLock vim-scala 7657218f14837395a4e6759f15289bad6febd1b4
NeoBundleLock vim-smartinput 7b4c79803d773b9ab8184c070a22bc782e8fb424
NeoBundleLock vimshell ee683538f57aaf5094db9860f67f4957a763ffb4
